{
  "name": "issue-sentinel",
  "version": "1.0.0",
  "lockfileVersion": 3,
  "requires": true,
  "packages": {
    "": {
      "name": "issue-sentinel",
      "version": "1.0.0",
      "license": "ISC",
      "dependencies": {
        "@actions/core": "^1.10.1",
        "@actions/github": "^6.0.0",
        "axios": "^1.12.0"
      },
      "devDependencies": {
        "@types/node": "^20.14.9",
        "@vercel/ncc": "^0.38.1",
        "typescript": "^5.5.3"
      }
    },
    "node_modules/@actions/core": {
      "version": "1.11.1",
      "resolved": "https://ms-feed-17.pkgs.visualstudio.com/1es-public/_packaging/npm-public/npm/registry/@actions/core/-/core-1.11.1.tgz",
      "integrity": "sha1-rmg6rFESQ4AhWIAw77U7GtuG8XI=",
      "license": "MIT",
      "dependencies": {
        "@actions/exec": "^1.1.1",
        "@actions/http-client": "^2.0.1"
      }
    },
    "node_modules/@actions/exec": {
      "version": "1.1.1",
      "resolved": "https://ms-feed-2.pkgs.visualstudio.com/1es-public/_packaging/npm-public/npm/registry/@actions/exec/-/exec-1.1.1.tgz",
      "integrity": "sha1-LkPyjFQCJTcXKBmnz4hshEIhphE=",
      "license": "MIT",
      "dependencies": {
        "@actions/io": "^1.0.1"
      }
    },
    "node_modules/@actions/github": {
      "version": "6.0.1",
      "resolved": "https://ms-feed-12.pkgs.visualstudio.com/1es-public/_packaging/npm-public/npm/registry/@actions/github/-/github-6.0.1.tgz",
      "integrity": "sha1-duX5bfBiyQY1pxge9F/xxKwhMG4=",
      "license": "MIT",
      "dependencies": {
        "@actions/http-client": "^2.2.0",
        "@octokit/core": "^5.0.1",
        "@octokit/plugin-paginate-rest": "^9.2.2",
        "@octokit/plugin-rest-endpoint-methods": "^10.4.0",
        "@octokit/request": "^8.4.1",
        "@octokit/request-error": "^5.1.1",
        "undici": "^5.28.5"
      }
    },
    "node_modules/@actions/http-client": {
      "version": "2.2.3",
      "resolved": "https://ms-feed-2.pkgs.visualstudio.com/1es-public/_packaging/npm-public/npm/registry/@actions/http-client/-/http-client-2.2.3.tgz",
      "integrity": "sha1-MfwLJcDmZXVO05qfGahhH8batnQ=",
      "license": "MIT",
      "dependencies": {
        "tunnel": "^0.0.6",
        "undici": "^5.25.4"
      }
    },
    "node_modules/@actions/io": {
      "version": "1.1.3",
      "resolved": "https://ms-feed-2.pkgs.visualstudio.com/1es-public/_packaging/npm-public/npm/registry/@actions/io/-/io-1.1.3.tgz",
      "integrity": "sha1-TNtiVNp5YrB0c/9cM189pIXZTXE=",
      "license": "MIT"
    },
    "node_modules/@fastify/busboy": {
      "version": "2.1.1",
      "resolved": "https://ms-feed-2.pkgs.visualstudio.com/1es-public/_packaging/npm-public/npm/registry/@fastify/busboy/-/busboy-2.1.1.tgz",
      "integrity": "sha1-udpqh4o3GCmgUCybbBwUPvZmP00=",
      "license": "MIT",
      "engines": {
        "node": ">=14"
      }
    },
    "node_modules/@octokit/auth-token": {
      "version": "4.0.0",
      "resolved": "https://ms-feed-12.pkgs.visualstudio.com/1es-public/_packaging/npm-public/npm/registry/@octokit/auth-token/-/auth-token-4.0.0.tgz",
      "integrity": "sha1-QNID6oJ7nxf0KinGr7k7d0XvgMc=",
      "license": "MIT",
      "engines": {
        "node": ">= 18"
      }
    },
    "node_modules/@octokit/core": {
      "version": "5.2.2",
      "resolved": "https://ms-feed-12.pkgs.visualstudio.com/1es-public/_packaging/npm-public/npm/registry/@octokit/core/-/core-5.2.2.tgz",
      "integrity": "sha1-JSgFcy3ptOjk9ljTS4DEybJTR2E=",
      "license": "MIT",
      "dependencies": {
        "@octokit/auth-token": "^4.0.0",
        "@octokit/graphql": "^7.1.0",
        "@octokit/request": "^8.4.1",
        "@octokit/request-error": "^5.1.1",
        "@octokit/types": "^13.0.0",
        "before-after-hook": "^2.2.0",
        "universal-user-agent": "^6.0.0"
      },
      "engines": {
        "node": ">= 18"
      }
    },
    "node_modules/@octokit/endpoint": {
      "version": "9.0.6",
      "resolved": "https://ms-feed-17.pkgs.visualstudio.com/1es-public/_packaging/npm-public/npm/registry/@octokit/endpoint/-/endpoint-9.0.6.tgz",
      "integrity": "sha1-EU2RIQj+aS2LE5z+f8CEbf0RtsA=",
      "license": "MIT",
      "dependencies": {
        "@octokit/types": "^13.1.0",
        "universal-user-agent": "^6.0.0"
      },
      "engines": {
        "node": ">= 18"
      }
    },
    "node_modules/@octokit/graphql": {
      "version": "7.1.1",
      "resolved": "https://ms-feed-17.pkgs.visualstudio.com/1es-public/_packaging/npm-public/npm/registry/@octokit/graphql/-/graphql-7.1.1.tgz",
      "integrity": "sha1-ednz0Mlqj9E9ZBhv5cM2BtSLecw=",
      "license": "MIT",
      "dependencies": {
        "@octokit/request": "^8.4.1",
        "@octokit/types": "^13.0.0",
        "universal-user-agent": "^6.0.0"
      },
      "engines": {
        "node": ">= 18"
      }
    },
    "node_modules/@octokit/openapi-types": {
      "version": "24.2.0",
      "resolved": "https://ms-feed-17.pkgs.visualstudio.com/1es-public/_packaging/npm-public/npm/registry/@octokit/openapi-types/-/openapi-types-24.2.0.tgz",
      "integrity": "sha1-PVXDLqwNONoacIOpw7DMp3kk99M=",
      "license": "MIT"
    },
    "node_modules/@octokit/plugin-paginate-rest": {
      "version": "9.2.2",
      "resolved": "https://ms-feed-25.pkgs.visualstudio.com/1es-public/_packaging/npm-public/npm/registry/@octokit/plugin-paginate-rest/-/plugin-paginate-rest-9.2.2.tgz",
      "integrity": "sha1-xRa8SYc2vNqpCVuaHRDZ0FAa6DE=",
      "license": "MIT",
      "dependencies": {
        "@octokit/types": "^12.6.0"
      },
      "engines": {
        "node": ">= 18"
      },
      "peerDependencies": {
        "@octokit/core": "5"
      }
    },
    "node_modules/@octokit/plugin-paginate-rest/node_modules/@octokit/openapi-types": {
      "version": "20.0.0",
      "resolved": "https://ms-feed-2.pkgs.visualstudio.com/1es-public/_packaging/npm-public/npm/registry/@octokit/openapi-types/-/openapi-types-20.0.0.tgz",
      "integrity": "sha1-nsLaoAkO64Ze4UdjbgwA9zeQxuU=",
      "license": "MIT"
    },
    "node_modules/@octokit/plugin-paginate-rest/node_modules/@octokit/types": {
      "version": "12.6.0",
      "resolved": "https://ms-feed-25.pkgs.visualstudio.com/1es-public/_packaging/npm-public/npm/registry/@octokit/types/-/types-12.6.0.tgz",
      "integrity": "sha1-gQD7nu7f4IOq5mRzvZexW2Ku3LI=",
      "license": "MIT",
      "dependencies": {
        "@octokit/openapi-types": "^20.0.0"
      }
    },
    "node_modules/@octokit/plugin-rest-endpoint-methods": {
      "version": "10.4.1",
      "resolved": "https://ms-feed-12.pkgs.visualstudio.com/1es-public/_packaging/npm-public/npm/registry/@octokit/plugin-rest-endpoint-methods/-/plugin-rest-endpoint-methods-10.4.1.tgz",
      "integrity": "sha1-QbpHilWLn1VHkwdbLiDNLvlzvhc=",
      "license": "MIT",
      "dependencies": {
        "@octokit/types": "^12.6.0"
      },
      "engines": {
        "node": ">= 18"
      },
      "peerDependencies": {
        "@octokit/core": "5"
      }
    },
    "node_modules/@octokit/plugin-rest-endpoint-methods/node_modules/@octokit/openapi-types": {
      "version": "20.0.0",
      "resolved": "https://ms-feed-2.pkgs.visualstudio.com/1es-public/_packaging/npm-public/npm/registry/@octokit/openapi-types/-/openapi-types-20.0.0.tgz",
      "integrity": "sha1-nsLaoAkO64Ze4UdjbgwA9zeQxuU=",
      "license": "MIT"
    },
    "node_modules/@octokit/plugin-rest-endpoint-methods/node_modules/@octokit/types": {
      "version": "12.6.0",
      "resolved": "https://ms-feed-25.pkgs.visualstudio.com/1es-public/_packaging/npm-public/npm/registry/@octokit/types/-/types-12.6.0.tgz",
      "integrity": "sha1-gQD7nu7f4IOq5mRzvZexW2Ku3LI=",
      "license": "MIT",
      "dependencies": {
        "@octokit/openapi-types": "^20.0.0"
      }
    },
    "node_modules/@octokit/request": {
      "version": "8.4.1",
      "resolved": "https://ms-feed-2.pkgs.visualstudio.com/1es-public/_packaging/npm-public/npm/registry/@octokit/request/-/request-8.4.1.tgz",
      "integrity": "sha1-cVoBXM+ZMIeXfqQ2XER5H8RXJIY=",
      "license": "MIT",
      "dependencies": {
        "@octokit/endpoint": "^9.0.6",
        "@octokit/request-error": "^5.1.1",
        "@octokit/types": "^13.1.0",
        "universal-user-agent": "^6.0.0"
      },
      "engines": {
        "node": ">= 18"
      }
    },
    "node_modules/@octokit/request-error": {
      "version": "5.1.1",
      "resolved": "https://ms-feed-17.pkgs.visualstudio.com/1es-public/_packaging/npm-public/npm/registry/@octokit/request-error/-/request-error-5.1.1.tgz",
      "integrity": "sha1-uSGPnBFm5ou00MibY47cYskzSAU=",
      "license": "MIT",
      "dependencies": {
        "@octokit/types": "^13.1.0",
        "deprecation": "^2.0.0",
        "once": "^1.4.0"
      },
      "engines": {
        "node": ">= 18"
      }
    },
    "node_modules/@octokit/types": {
      "version": "13.10.0",
      "resolved": "https://ms-feed-2.pkgs.visualstudio.com/1es-public/_packaging/npm-public/npm/registry/@octokit/types/-/types-13.10.0.tgz",
      "integrity": "sha1-PnxrGcAjbCcGVuTqZmFIwrUf0aM=",
      "license": "MIT",
      "dependencies": {
        "@octokit/openapi-types": "^24.2.0"
      }
    },
    "node_modules/@types/node": {
      "version": "20.19.43",
      "resolved": "https://ms-feed-25.pkgs.visualstudio.com/1es-public/_packaging/npm-public/npm/registry/@types/node/-/node-20.19.43.tgz",
      "integrity": "sha1-/Oz1gLpCoNtVz0BMNyyXlzw3bJc=",
      "dev": true,
      "license": "MIT",
      "dependencies": {
        "undici-types": "~6.21.0"
      }
    },
    "node_modules/@vercel/ncc": {
      "version": "0.38.4",
      "resolved": "https://ms-feed-2.pkgs.visualstudio.com/1es-public/_packaging/npm-public/npm/registry/@vercel/ncc/-/ncc-0.38.4.tgz",
      "integrity": "sha1-4fuL6eftM79EwSETHUxulfeEr6w=",
      "dev": true,
      "license": "MIT",
      "bin": {
        "ncc": "dist/ncc/cli.js"
      }
    },
    "node_modules/agent-base": {
      "version": "6.0.2",
      "resolved": "https://ms-feed-17.pkgs.visualstudio.com/1es-public/_packaging/npm-public/npm/registry/agent-base/-/agent-base-6.0.2.tgz",
      "integrity": "sha1-Sf/1hXfP7j83F2/qtMIuAPhtf3c=",
      "license": "MIT",
      "dependencies": {
        "debug": "4"
      },
      "engines": {
        "node": ">= 6.0.0"
      }
    },
    "node_modules/asynckit": {
      "version": "0.4.0",
      "resolved": "https://ms-feed-25.pkgs.visualstudio.com/1es-public/_packaging/npm-public/npm/registry/asynckit/-/asynckit-0.4.0.tgz",
      "integrity": "sha1-x57Zf380y48robyXkLzDZkdLS3k=",
      "license": "MIT"
    },
    "node_modules/axios": {
      "version": "1.19.0",
      "resolved": "https://ms-feed-17.pkgs.visualstudio.com/1es-public/_packaging/npm-public/npm/registry/axios/-/axios-1.19.0.tgz",
      "integrity": "sha1-3fhk1MgjPA5oc3RqtZNhU30FrTk=",
      "license": "MIT",
      "dependencies": {
        "follow-redirects": "^1.16.0",
        "form-data": "^4.0.6",
        "https-proxy-agent": "^5.0.1",
        "proxy-from-env": "^2.1.0"
      }
    },
    "node_modules/before-after-hook": {
      "version": "2.2.3",
      "resolved": "https://ms-feed-12.pkgs.visualstudio.com/1es-public/_packaging/npm-public/npm/registry/before-after-hook/-/before-after-hook-2.2.3.tgz",
      "integrity": "sha1-xR6AnIGk41QIRCK5smutiCScUXw=",
      "license": "Apache-2.0"
    },
    "node_modules/call-bind-apply-helpers": {
      "version": "1.0.2",
      "resolved": "https://ms-feed-17.pkgs.visualstudio.com/1es-public/_packaging/npm-public/npm/registry/call-bind-apply-helpers/-/call-bind-apply-helpers-1.0.2.tgz",
      "integrity": "sha1-S1QowiK+mF15w9gmV0edvgtZstY=",
      "license": "MIT",
      "dependencies": {
        "es-errors": "^1.3.0",
        "function-bind": "^1.1.2"
      },
      "engines": {
        "node": ">= 0.4"
      }
    },
    "node_modules/combined-stream": {
      "version": "1.0.8",
      "resolved": "https://ms-feed-25.pkgs.visualstudio.com/1es-public/_packaging/npm-public/npm/registry/combined-stream/-/combined-stream-1.0.8.tgz",
      "integrity": "sha1-w9RaizT9cwYxoRCoolIGgrMdWn8=",
      "license": "MIT",
      "dependencies": {
        "delayed-stream": "~1.0.0"
      },
      "engines": {
        "node": ">= 0.8"
      }
    },
    "node_modules/debug": {
      "version": "4.4.3",
      "resolved": "https://ms-feed-12.pkgs.visualstudio.com/1es-public/_packaging/npm-public/npm/registry/debug/-/debug-4.4.3.tgz",
      "integrity": "sha1-xq5DLZvZZiWC/OCHCbA4xY6ePWo=",
      "license": "MIT",
      "dependencies": {
        "ms": "^2.1.3"
      },
      "engines": {
        "node": ">=6.0"
      },
      "peerDependenciesMeta": {
        "supports-color": {
          "optional": true
        }
      }
    },
    "node_modules/delayed-stream": {
      "version": "1.0.0",
      "resolved": "https://ms-feed-12.pkgs.visualstudio.com/1es-public/_packaging/npm-public/npm/registry/delayed-stream/-/delayed-stream-1.0.0.tgz",
      "integrity": "sha1-3zrhmayt+31ECqrgsp4icrJOxhk=",
      "license": "MIT",
      "engines": {
        "node": ">=0.4.0"
      }
    },
    "node_modules/deprecation": {
      "version": "2.3.1",
      "resolved": "https://ms-feed-17.pkgs.visualstudio.com/1es-public/_packaging/npm-public/npm/registry/deprecation/-/deprecation-2.3.1.tgz",
      "integrity": "sha1-Y2jL20Cr8zc7UlrIfkomDDpwCRk=",
      "license": "ISC"
    },
    "node_modules/dunder-proto": {
      "version": "1.0.1",
      "resolved": "https://ms-feed-17.pkgs.visualstudio.com/1es-public/_packaging/npm-public/npm/registry/dunder-proto/-/dunder-proto-1.0.1.tgz",
      "integrity": "sha1-165mfh3INIL4tw/Q9u78UNow9Yo=",
      "license": "MIT",
      "dependencies": {
        "call-bind-apply-helpers": "^1.0.1",
        "es-errors": "^1.3.0",
        "gopd": "^1.2.0"
      },
      "engines": {
        "node": ">= 0.4"
      }
    },
    "node_modules/es-define-property": {
      "version": "1.0.1",
      "resolved": "https://ms-feed-17.pkgs.visualstudio.com/1es-public/_packaging/npm-public/npm/registry/es-define-property/-/es-define-property-1.0.1.tgz",
      "integrity": "sha1-mD6y+aZyTpMD9hrd8BHHLgngsPo=",
      "license": "MIT",
      "engines": {
        "node": ">= 0.4"
      }
    },
    "node_modules/es-errors": {
      "version": "1.3.0",
      "resolved": "https://ms-feed-2.pkgs.visualstudio.com/1es-public/_packaging/npm-public/npm/registry/es-errors/-/es-errors-1.3.0.tgz",
      "integrity": "sha1-BfdaJdq5jk+x3NXhRywFRtUFfI8=",
      "license": "MIT",
      "engines": {
        "node": ">= 0.4"
      }
    },
    "node_modules/es-object-atoms": {
      "version": "1.1.2",
      "resolved": "https://ms-feed-12.pkgs.visualstudio.com/1es-public/_packaging/npm-public/npm/registry/es-object-atoms/-/es-object-atoms-1.1.2.tgz",
      "integrity": "sha1-otCzcyBXJN+lJdI7DD4bHKWCyZs=",
      "license": "MIT",
      "dependencies": {
        "es-errors": "^1.3.0"
      },
      "engines": {
        "node": ">= 0.4"
      }
    },
    "node_modules/es-set-tostringtag": {
      "version": "2.1.0",
      "resolved": "https://ms-feed-17.pkgs.visualstudio.com/1es-public/_packaging/npm-public/npm/registry/es-set-tostringtag/-/es-set-tostringtag-2.1.0.tgz",
      "integrity": "sha1-8x274MGDsAptJutjJcgQwP0YvU0=",
      "license": "MIT",
      "dependencies": {
        "es-errors": "^1.3.0",
        "get-intrinsic": "^1.2.6",
        "has-tostringtag": "^1.0.2",
        "hasown": "^2.0.2"
      },
      "engines": {
        "node": ">= 0.4"
      }
    },
    "node_modules/follow-redirects": {
      "version": "1.16.0",
      "resolved": "https://ms-feed-12.pkgs.visualstudio.com/1es-public/_packaging/npm-public/npm/registry/follow-redirects/-/follow-redirects-1.16.0.tgz",
      "integrity": "sha1-KEdKFZ07nRHvYgUKFO1g5N9tYbw=",
      "funding": [
        {
          "type": "individual",
          "url": "https://github.com/sponsors/RubenVerborgh"
        }
      ],
      "license": "MIT",
      "engines": {
        "node": ">=4.0"
      },
      "peerDependenciesMeta": {
        "debug": {
          "optional": true
        }
      }
    },
    "node_modules/form-data": {
      "version": "4.0.6",
      "resolved": "https://ms-feed-17.pkgs.visualstudio.com/1es-public/_packaging/npm-public/npm/registry/form-data/-/form-data-4.0.6.tgz",
      "integrity": "sha1-KOhk4beG2+u2jbH0UvljUnhmWCc=",
      "license": "MIT",
      "dependencies": {
        "asynckit": "^0.4.0",
        "combined-stream": "^1.0.8",
        "es-set-tostringtag": "^2.1.0",
        "hasown": "^2.0.4",
        "mime-types": "^2.1.35"
      },
      "engines": {
        "node": ">= 6"
      }
    },
    "node_modules/function-bind": {
      "version": "1.1.2",
      "resolved": "https://ms-feed-25.pkgs.visualstudio.com/1es-public/_packaging/npm-public/npm/registry/function-bind/-/function-bind-1.1.2.tgz",
      "integrity": "sha1-LALYZNl/PqbIgwxGTL0Rq26rehw=",
      "license": "MIT",
      "funding": {
        "url": "https://github.com/sponsors/ljharb"
      }
    },
    "node_modules/get-intrinsic": {
      "version": "1.3.0",
      "resolved": "https://ms-feed-17.pkgs.visualstudio.com/1es-public/_packaging/npm-public/npm/registry/get-intrinsic/-/get-intrinsic-1.3.0.tgz",
      "integrity": "sha1-dD8OO2lkqTpUke0b/6rgVNf5jQE=",
      "license": "MIT",
      "dependencies": {
        "call-bind-apply-helpers": "^1.0.2",
        "es-define-property": "^1.0.1",
        "es-errors": "^1.3.0",
        "es-object-atoms": "^1.1.1",
        "function-bind": "^1.1.2",
        "get-proto": "^1.0.1",
        "gopd": "^1.2.0",
        "has-symbols": "^1.1.0",
        "hasown": "^2.0.2",
        "math-intrinsics": "^1.1.0"
      },
      "engines": {
        "node": ">= 0.4"
      },
      "funding": {
        "url": "https://github.com/sponsors/ljharb"
      }
    },
    "node_modules/get-proto": {
      "version": "1.0.1",
      "resolved": "https://ms-feed-2.pkgs.visualstudio.com/1es-public/_packaging/npm-public/npm/registry/get-proto/-/get-proto-1.0.1.tgz",
      "integrity": "sha1-FQs/J0OGnvPoUewMSdFbHRTQDuE=",
      "license": "MIT",
      "dependencies": {
        "dunder-proto": "^1.0.1",
        "es-object-atoms": "^1.0.0"
      },
      "engines": {
        "node": ">= 0.4"
      }
    },
    "node_modules/gopd": {
      "version": "1.2.0",
      "resolved": "https://ms-feed-12.pkgs.visualstudio.com/1es-public/_packaging/npm-public/npm/registry/gopd/-/gopd-1.2.0.tgz",
      "integrity": "sha1-ifVrghe9vIgCvSmd9tfxCB1+UaE=",
      "license": "MIT",
      "engines": {
        "node": ">= 0.4"
      },
      "funding": {
        "url": "https://github.com/sponsors/ljharb"
      }
    },
    "node_modules/has-symbols": {
      "version": "1.1.0",
      "resolved": "https://ms-feed-25.pkgs.visualstudio.com/1es-public/_packaging/npm-public/npm/registry/has-symbols/-/has-symbols-1.1.0.tgz",
      "integrity": "sha1-/JxqeDoISVHQuXH+EBjegTcHozg=",
      "license": "MIT",
      "engines": {
        "node": ">= 0.4"
      },
      "funding": {
        "url": "https://github.com/sponsors/ljharb"
      }
    },
    "node_modules/has-tostringtag": {
      "version": "1.0.2",
      "resolved": "https://ms-feed-2.pkgs.visualstudio.com/1es-public/_packaging/npm-public/npm/registry/has-tostringtag/-/has-tostringtag-1.0.2.tgz",
      "integrity": "sha1-LNxC1AvvLltO6rfAGnPFTOerWrw=",
      "license": "MIT",
      "dependencies": {
        "has-symbols": "^1.0.3"
      },
      "engines": {
        "node": ">= 0.4"
      },
      "funding": {
        "url": "https://github.com/sponsors/ljharb"
      }
    },
    "node_modules/hasown": {
      "version": "2.0.4",
      "resolved": "https://ms-feed-25.pkgs.visualstudio.com/1es-public/_packaging/npm-public/npm/registry/hasown/-/hasown-2.0.4.tgz",
      "integrity": "sha1-jGLYy5C+sqrV0KW2dYGtmFTD8AM=",
      "license": "MIT",
      "dependencies": {
        "function-bind": "^1.1.2"
      },
      "engines": {
        "node": ">= 0.4"
      }
    },
    "node_modules/https-proxy-agent": {
      "version": "5.0.1",
      "resolved": "https://ms-feed-17.pkgs.visualstudio.com/1es-public/_packaging/npm-public/npm/registry/https-proxy-agent/-/https-proxy-agent-5.0.1.tgz",
      "integrity": "sha1-xZ7yJKBP6LdU89sAY6Jeow0ABdY=",
      "license": "MIT",
      "dependencies": {
        "agent-base": "6",
        "debug": "4"
      },
      "engines": {
        "node": ">= 6"
      }
    },
    "node_modules/math-intrinsics": {
      "version": "1.1.0",
      "resolved": "https://ms-feed-17.pkgs.visualstudio.com/1es-public/_packaging/npm-public/npm/registry/math-intrinsics/-/math-intrinsics-1.1.0.tgz",
      "integrity": "sha1-oN10voHiqlwvJ+Zc4oNgXuTit/k=",
      "license": "MIT",
      "engines": {
        "node": ">= 0.4"
      }
    },
    "node_modules/mime-db": {
      "version": "1.52.0",
      "resolved": "https://ms-feed-2.pkgs.visualstudio.com/1es-public/_packaging/npm-public/npm/registry/mime-db/-/mime-db-1.52.0.tgz",
      "integrity": "sha1-u6vNwChZ9JhzAchW4zh85exDv3A=",
      "license": "MIT",
      "engines": {
        "node": ">= 0.6"
      }
    },
    "node_modules/mime-types": {
      "version": "2.1.35",
      "resolved": "https://ms-feed-12.pkgs.visualstudio.com/1es-public/_packaging/npm-public/npm/registry/mime-types/-/mime-types-2.1.35.tgz",
      "integrity": "sha1-OBqHG2KnNEUGYK497uRIE/cNlZo=",
      "license": "MIT",
      "dependencies": {
        "mime-db": "1.52.0"
      },
      "engines": {
        "node": ">= 0.6"
      }
    },
    "node_modules/ms": {
      "version": "2.1.3",
      "resolved": "https://ms-feed-2.pkgs.visualstudio.com/1es-public/_packaging/npm-public/npm/registry/ms/-/ms-2.1.3.tgz",
      "integrity": "sha1-V0yBOM4dK1hh8LRFedut1gxmFbI=",
      "license": "MIT"
    },
    "node_modules/once": {
      "version": "1.4.0",
      "resolved": "https://ms-feed-17.pkgs.visualstudio.com/1es-public/_packaging/npm-public/npm/registry/once/-/once-1.4.0.tgz",
      "integrity": "sha1-WDsap3WWHUsROsF9nFC6753Xa9E=",
      "license": "ISC",
      "dependencies": {
        "wrappy": "1"
      }
    },
    "node_modules/proxy-from-env": {
      "version": "2.1.0",
      "resolved": "https://ms-feed-12.pkgs.visualstudio.com/1es-public/_packaging/npm-public/npm/registry/proxy-from-env/-/proxy-from-env-2.1.0.tgz",
      "integrity": "sha1-p0h1aK2tV3z6qn6IxJyrOrMIGro=",
      "license": "MIT",
      "engines": {
        "node": ">=10"
      }
    },
    "node_modules/tunnel": {
      "version": "0.0.6",
      "resolved": "https://ms-feed-17.pkgs.visualstudio.com/1es-public/_packaging/npm-public/npm/registry/tunnel/-/tunnel-0.0.6.tgz",
      "integrity": "sha1-cvExSzSlsZLbASMk3yzFh8pH+Sw=",
      "license": "MIT",
      "engines": {
        "node": ">=0.6.11 <=0.7.0 || >=0.7.3"
      }
    },
    "node_modules/typescript": {
      "version": "5.9.3",
      "resolved": "https://ms-feed-2.pkgs.visualstudio.com/1es-public/_packaging/npm-public/npm/registry/typescript/-/typescript-5.9.3.tgz",
      "integrity": "sha1-W09Z4VMQqxeiFvXWz1PuR27eZw8=",
      "dev": true,
      "license": "Apache-2.0",
      "bin": {
        "tsc": "bin/tsc",
        "tsserver": "bin/tsserver"
      },
      "engines": {
        "node": ">=14.17"
      }
    },
    "node_modules/undici": {
      "version": "5.29.0",
      "resolved": "https://ms-feed-2.pkgs.visualstudio.com/1es-public/_packaging/npm-public/npm/registry/undici/-/undici-5.29.0.tgz",
      "integrity": "sha1-QZWVRJrj8s3Lo1gKLokDOZvR9aM=",
      "license": "MIT",
      "dependencies": {
        "@fastify/busboy": "^2.0.0"
      },
      "engines": {
        "node": ">=14.0"
      }
    },
    "node_modules/undici-types": {
      "version": "6.21.0",
      "resolved": "https://ms-feed-12.pkgs.visualstudio.com/1es-public/_packaging/npm-public/npm/registry/undici-types/-/undici-types-6.21.0.tgz",
      "integrity": "sha1-aR0ArzkJvpOn+qE75hs6W1DvEss=",
      "dev": true,
      "license": "MIT"
    },
    "node_modules/universal-user-agent": {
      "version": "6.0.1",
      "resolved": "https://ms-feed-17.pkgs.visualstudio.com/1es-public/_packaging/npm-public/npm/registry/universal-user-agent/-/universal-user-agent-6.0.1.tgz",
      "integrity": "sha1-FfIPVdo8kwxXvdvxc0xmVNX9Nao=",
      "license": "ISC"
    },
    "node_modules/wrappy": {
      "version": "1.0.2",
      "resolved": "https://ms-feed-17.pkgs.visualstudio.com/1es-public/_packaging/npm-public/npm/registry/wrappy/-/wrappy-1.0.2.tgz",
      "integrity": "sha1-tSQ9jz7BqjXxNkYFvA0QNuMKtp8=",
      "license": "ISC"
    }
  }
}
